
Microsoft Visual Studio Solution File, Format Version 12.00
# Visual Studio Version 17
VisualStudioVersion = 17.5.33502.453
MinimumVisualStudioVersion = 10.0.40219.1
Project("{FAE04EC0-301F-11D3-BF4B-00C04F79EFBC}") = "mvvm", "mvvm\mvvm.csproj", "{9F9F9E98-0FAC-442E-8962-07671E0125AF}"
EndProject
Global
	GlobalSection(SolutionConfigurationPlatforms) = preSolution
		Debug|Any CPU = Debug|Any CPU
		Release|Any CPU = Release|Any CPU
	EndGlobalSection
	GlobalSection(ProjectConfigurationPlatforms) = postSolution
		{9F9F9E98-0FAC-442E-8962-07671E0125AF}.Debug|Any CPU.ActiveCfg = Debug|Any CPU
		{9F9F9E98-0FAC-442E-8962-07671E0125AF}.Debug|Any CPU.Build.0 = Debug|Any CPU
		{9F9F9E98-0FAC-442E-8962-07671E0125AF}.Release|Any CPU.ActiveCfg = Release|Any CPU
		{9F9F9E98-0FAC-442E-8962-07671E0125AF}.Release|Any CPU.Build.0 = Release|Any CPU
	EndGlobalSection
	GlobalSection(SolutionProperties) = preSolution
		HideSolutionNode = FALSE
	EndGlobalSection
	GlobalSection(ExtensibilityGlobals) = postSolution
		SolutionGuid = {D411CF4C-F215-4780-833A-B011E0F73D29}
	EndGlobalSection
EndGlobal
